
Microsoft Visual Studio Solution File, Format Version 12.00
# Visual Studio Version 17
VisualStudioVersion = 17.3.32929.385
MinimumVisualStudioVersion = 10.0.40219.1
Project("{8BC9CEB8-8B4A-11D0-8D11-00A0C91BC942}") = "QtGraphicsGame", "QtGraphicsGame\QtGraphicsGame.vcxproj", "{B63F73E0-6FE6-4340-81D4-5BDEC3685F41}"
EndProject
Global
	GlobalSection(SolutionConfigurationPlatforms) = preSolution
		Debug|x64 = Debug|x64
		Release|x64 = Release|x64
	EndGlobalSection
	GlobalSection(ProjectConfigurationPlatforms) = postSolution
		{B63F73E0-6FE6-4340-81D4-5BDEC3685F41}.Debug|x64.ActiveCfg = Debug|x64
		{B63F73E0-6FE6-4340-81D4-5BDEC3685F41}.Debug|x64.Build.0 = Debug|x64
		{B63F73E0-6FE6-4340-81D4-5BDEC3685F41}.Release|x64.ActiveCfg = Release|x64
		{B63F73E0-6FE6-4340-81D4-5BDEC3685F41}.Release|x64.Build.0 = Release|x64
	EndGlobalSection
	GlobalSection(SolutionProperties) = preSolution
		HideSolutionNode = FALSE
	EndGlobalSection
	GlobalSection(ExtensibilityGlobals) = postSolution
		SolutionGuid = {24EA539E-7AFE-46E6-BECA-60430307939D}
	EndGlobalSection
EndGlobal
